
Microsoft Visual Studio Solution File, Format Version 12.00
# Visual Studio Version 16
VisualStudioVersion = 16.0.30907.101
MinimumVisualStudioVersion = 10.0.40219.1
Project("{FAE04EC0-301F-11D3-BF4B-00C04F79EFBC}") = "PDFBarcodeReader", "PDFBarcodeReader.csproj", "{0608DD6B-2261-4054-8893-3E2C3E720A98}"
EndProject
Global
	GlobalSection(SolutionConfigurationPlatforms) = preSolution
		Debug|Any CPU = Debug|Any CPU
		Release|Any CPU = Release|Any CPU
	EndGlobalSection
	GlobalSection(ProjectConfigurationPlatforms) = postSolution
		{0608DD6B-2261-4054-8893-3E2C3E720A98}.Debug|Any CPU.ActiveCfg = Debug|Any CPU
		{0608DD6B-2261-4054-8893-3E2C3E720A98}.Debug|Any CPU.Build.0 = Debug|Any CPU
		{0608DD6B-2261-4054-8893-3E2C3E720A98}.Release|Any CPU.ActiveCfg = Release|Any CPU
		{0608DD6B-2261-4054-8893-3E2C3E720A98}.Release|Any CPU.Build.0 = Release|Any CPU
	EndGlobalSection
	GlobalSection(SolutionProperties) = preSolution
		HideSolutionNode = FALSE
	EndGlobalSection
	GlobalSection(ExtensibilityGlobals) = postSolution
		SolutionGuid = {AA4F7D2E-D3EE-450D-9B28-24F64DE87181}
	EndGlobalSection
EndGlobal
